
Microsoft Visual Studio Solution File, Format Version 12.00
# Visual Studio 16
Project("{FAE04EC0-301F-11D3-BF4B-00C04F79EFBC}") = "Assembly-CSharp", "Assembly-CSharp.csproj", "{689E943F-83E6-E22F-5D71-60C8123866E7}"
EndProject
Project("{FAE04EC0-301F-11D3-BF4B-00C04F79EFBC}") = "Assembly-CSharp-Editor", "Assembly-CSharp-Editor.csproj", "{9C27EA95-2D83-CCC2-7DC4-C148F075A17C}"
EndProject
Project("{FAE04EC0-301F-11D3-BF4B-00C04F79EFBC}") = "UnitTests", "UnitTests\UnitTests\UnitTests.csproj", "{CB9B3F8A-9152-47A4-A455-AFC15376786C}"
EndProject
Global
	GlobalSection(SolutionConfigurationPlatforms) = preSolution
		Debug|Any CPU = Debug|Any CPU
		Release|Any CPU = Release|Any CPU
	EndGlobalSection
	GlobalSection(ProjectConfigurationPlatforms) = postSolution
		{689E943F-83E6-E22F-5D71-60C8123866E7}.Debug|Any CPU.ActiveCfg = Debug|Any CPU
		{689E943F-83E6-E22F-5D71-60C8123866E7}.Debug|Any CPU.Build.0 = Debug|Any CPU
		{689E943F-83E6-E22F-5D71-60C8123866E7}.Release|Any CPU.ActiveCfg = Release|Any CPU
		{689E943F-83E6-E22F-5D71-60C8123866E7}.Release|Any CPU.Build.0 = Release|Any CPU
		{9C27EA95-2D83-CCC2-7DC4-C148F075A17C}.Debug|Any CPU.ActiveCfg = Debug|Any CPU
		{9C27EA95-2D83-CCC2-7DC4-C148F075A17C}.Debug|Any CPU.Build.0 = Debug|Any CPU
		{9C27EA95-2D83-CCC2-7DC4-C148F075A17C}.Release|Any CPU.ActiveCfg = Release|Any CPU
		{9C27EA95-2D83-CCC2-7DC4-C148F075A17C}.Release|Any CPU.Build.0 = Release|Any CPU
		{CB9B3F8A-9152-47A4-A455-AFC15376786C}.Debug|Any CPU.ActiveCfg = Debug|Any CPU
		{CB9B3F8A-9152-47A4-A455-AFC15376786C}.Debug|Any CPU.Build.0 = Debug|Any CPU
		{CB9B3F8A-9152-47A4-A455-AFC15376786C}.Release|Any CPU.ActiveCfg = Release|Any CPU
		{CB9B3F8A-9152-47A4-A455-AFC15376786C}.Release|Any CPU.Build.0 = Release|Any CPU
	EndGlobalSection
	GlobalSection(SolutionProperties) = preSolution
		HideSolutionNode = FALSE
	EndGlobalSection
EndGlobal
